
Microsoft Visual Studio Solution File, Format Version 12.00
# Visual Studio Version 16
VisualStudioVersion = 16.0.31321.278
MinimumVisualStudioVersion = 10.0.40219.1
Project("{8BC9CEB8-8B4A-11D0-8D11-00A0C91BC942}") = "BD122_GitBasics", "BD122_GitBasics\BD122_GitBasics.vcxproj", "{2C425A11-9396-4B3A-8E56-E5BF891C564E}"
EndProject
Global
	GlobalSection(SolutionConfigurationPlatforms) = preSolution
		Debug|x64 = Debug|x64
		Debug|x86 = Debug|x86
		Release|x64 = Release|x64
		Release|x86 = Release|x86
	EndGlobalSection
	GlobalSection(ProjectConfigurationPlatforms) = postSolution
		{2C425A11-9396-4B3A-8E56-E5BF891C564E}.Debug|x64.ActiveCfg = Debug|x64
		{2C425A11-9396-4B3A-8E56-E5BF891C564E}.Debug|x64.Build.0 = Debug|x64
		{2C425A11-9396-4B3A-8E56-E5BF891C564E}.Debug|x86.ActiveCfg = Debug|Win32
		{2C425A11-9396-4B3A-8E56-E5BF891C564E}.Debug|x86.Build.0 = Debug|Win32
		{2C425A11-9396-4B3A-8E56-E5BF891C564E}.Release|x64.ActiveCfg = Release|x64
		{2C425A11-9396-4B3A-8E56-E5BF891C564E}.Release|x64.Build.0 = Release|x64
		{2C425A11-9396-4B3A-8E56-E5BF891C564E}.Release|x86.ActiveCfg = Release|Win32
		{2C425A11-9396-4B3A-8E56-E5BF891C564E}.Release|x86.Build.0 = Release|Win32
	EndGlobalSection
	GlobalSection(SolutionProperties) = preSolution
		HideSolutionNode = FALSE
	EndGlobalSection
	GlobalSection(ExtensibilityGlobals) = postSolution
		SolutionGuid = {A3F69331-7339-43A5-8ED8-3D974348A96C}
	EndGlobalSection
EndGlobal
